<?xml version="1.0" encoding="utf-8"?>
<Project ToolsVersion="4.0" xmlns="http://schemas.microsoft.com/developer/msbuild/2003">
  <ItemGroup>
    <Filter Include="Source Files">
      <UniqueIdentifier>{4FC737F1-C7A5-4376-A066-2A32D752A2FF}</UniqueIdentifier>
      <Extensions>cpp;c;cc;cxx;c++;cppm;ixx;def;odl;idl;hpj;bat;asm;asmx</Extensions>
    </Filter>
    <Filter Include="Header Files">
      <UniqueIdentifier>{93995380-89BD-4b04-88EB-625FBE52EBFB}</UniqueIdentifier>
      <Extensions>h;hh;hpp;hxx;h++;hm;inl;inc;ipp;xsd</Extensions>
    </Filter>
    <Filter Include="Resource Files">
      <UniqueIdentifier>{67DA6AB6-F800-4c08-8B7A-83BB121AAD01}</UniqueIdentifier>
      <Extensions>rc;ico;cur;bmp;dlg;rc2;rct;bin;rgs;gif;jpg;jpeg;jpe;resx;tiff;tif;png;wav;mfcribbon-ms</Extensions>
    </Filter>
    <Filter Include="GUI">
      <UniqueIdentifier>{ca65eb08-b3a2-4e91-ae94-f93ab627c109}</UniqueIdentifier>
    </Filter>
    <Filter Include="IMGUI">
      <UniqueIdentifier>{5eb0343b-716d-45ee-aaf0-ed6f4f896023}</UniqueIdentifier>
    </Filter>
    <Filter Include="Light">
      <UniqueIdentifier>{88c858fb-9a1d-42a3-b3b3-48b7066e908e}</UniqueIdentifier>
    </Filter>
    <Filter Include="MeshObj">
      <UniqueIdentifier>{c942d1b4-d40f-49f4-80a3-9fa67ff629e3}</UniqueIdentifier>
    </Filter>
    <Filter Include="Shaders">
      <UniqueIdentifier>{ea625ec2-74ac-4279-8359-c390079ee87e}</UniqueIdentifier>
    </Filter>
    <Filter Include="VAOManager">
      <UniqueIdentifier>{12283b6a-5aed-4942-a787-8ce5980b6898}</UniqueIdentifier>
    </Filter>
    <Filter Include="XML">
      <UniqueIdentifier>{32616d00-7066-4b30-9f48-84c9b642f289}</UniqueIdentifier>
    </Filter>
    <Filter Include="Texture">
      <UniqueIdentifier>{8fa132e7-31bc-4c8c-99a7-3efa17b65875}</UniqueIdentifier>
    </Filter>
    <Filter Include="FBO">
      <UniqueIdentifier>{361b9cea-9546-498d-854d-c004de509bbb}</UniqueIdentifier>
    </Filter>
    <Filter Include="Animation">
      <UniqueIdentifier>{56eb6d0b-47ac-480a-ac6e-592ac4a968c3}</UniqueIdentifier>
    </Filter>
  </ItemGroup>
  <ItemGroup>
    <ClCompile Include="src\GUI\cGUI.cpp">
      <Filter>GUI</Filter>
    </ClCompile>
    <ClCompile Include="dev\inc\imgui\imgui.cpp">
      <Filter>IMGUI</Filter>
    </ClCompile>
    <ClCompile Include="dev\inc\imgui\imgui_demo.cpp">
      <Filter>IMGUI</Filter>
    </ClCompile>
    <ClCompile Include="dev\inc\imgui\imgui_draw.cpp">
      <Filter>IMGUI</Filter>
    </ClCompile>
    <ClCompile Include="dev\inc\imgui\imgui_impl_glfw.cpp">
      <Filter>IMGUI</Filter>
    </ClCompile>
    <ClCompile Include="dev\inc\imgui\imgui_impl_opengl3.cpp">
      <Filter>IMGUI</Filter>
    </ClCompile>
    <ClCompile Include="dev\inc\imgui\imgui_tables.cpp">
      <Filter>IMGUI</Filter>
    </ClCompile>
    <ClCompile Include="dev\inc\imgui\imgui_widgets.cpp">
      <Filter>IMGUI</Filter>
    </ClCompile>
    <ClCompile Include="src\Light\cLight.cpp">
      <Filter>Light</Filter>
    </ClCompile>
    <ClCompile Include="src\Light\cLightManager.cpp">
      <Filter>Light</Filter>
    </ClCompile>
    <ClCompile Include="src\MeshObj\cMeshObj.cpp">
      <Filter>MeshObj</Filter>
    </ClCompile>
    <ClCompile Include="src\Shader\cShader.cpp">
      <Filter>Shaders</Filter>
    </ClCompile>
    <ClCompile Include="src\Shader\cShaderManager.cpp">
      <Filter>Shaders</Filter>
    </ClCompile>
    <ClCompile Include="src\Shader\cShaderProgram.cpp">
      <Filter>Shaders</Filter>
    </ClCompile>
    <ClCompile Include="src\VAOManager\cModelDrawInfo.cpp">
      <Filter>VAOManager</Filter>
    </ClCompile>
    <ClCompile Include="src\VAOManager\cVAOManager.cpp">
      <Filter>VAOManager</Filter>
    </ClCompile>
    <ClCompile Include="src\XML\cXML.cpp">
      <Filter>XML</Filter>
    </ClCompile>
    <ClCompile Include="src\glad.c">
      <Filter>Source Files</Filter>
    </ClCompile>
    <ClCompile Include="src\main.cpp">
      <Filter>Source Files</Filter>
    </ClCompile>
    <ClCompile Include="src\Texture\cTextureManager.cpp">
      <Filter>Texture</Filter>
    </ClCompile>
    <ClCompile Include="src\Texture\cTextureFromBMP.cpp">
      <Filter>Texture</Filter>
    </ClCompile>
    <ClCompile Include="src\Texture\C24BitBMPpixel.cpp">
      <Filter>Texture</Filter>
    </ClCompile>
    <ClCompile Include="src\FBO\cFBO.cpp">
      <Filter>FBO</Filter>
    </ClCompile>
    <ClCompile Include="src\drawOBJ.cpp">
      <Filter>Source Files</Filter>
    </ClCompile>
    <ClCompile Include="src\lightSetup.cpp">
      <Filter>Source Files</Filter>
    </ClCompile>
    <ClCompile Include="src\callBack.cpp">
      <Filter>Source Files</Filter>
    </ClCompile>
    <ClCompile Include="src\cAssimpModel.cpp">
      <Filter>Source Files</Filter>
    </ClCompile>
    <ClCompile Include="src\Texture\cTextureFromFile.cpp">
      <Filter>Texture</Filter>
    </ClCompile>
    <ClCompile Include="src\Animation\AnimationManager.cpp">
      <Filter>Animation</Filter>
    </ClCompile>
    <ClCompile Include="src\Animation\cAnimation.cpp">
      <Filter>Animation</Filter>
    </ClCompile>
    <ClCompile Include="src\MeshObj\Model.cpp">
      <Filter>MeshObj</Filter>
    </ClCompile>
    <ClCompile Include="src\boneShader.cpp">
      <Filter>Source Files</Filter>
    </ClCompile>
  </ItemGroup>
  <ItemGroup>
    <ClInclude Include="src\GUI\cGUI.h">
      <Filter>GUI</Filter>
    </ClInclude>
    <ClInclude Include="dev\inc\imgui\imconfig.h">
      <Filter>IMGUI</Filter>
    </ClInclude>
    <ClInclude Include="dev\inc\imgui\imgui.h">
      <Filter>IMGUI</Filter>
    </ClInclude>
    <ClInclude Include="dev\inc\imgui\imgui_impl_glfw.h">
      <Filter>IMGUI</Filter>
    </ClInclude>
    <ClInclude Include="dev\inc\imgui\imgui_impl_opengl3.h">
      <Filter>IMGUI</Filter>
    </ClInclude>
    <ClInclude Include="dev\inc\imgui\imgui_impl_opengl3_loader.h">
      <Filter>IMGUI</Filter>
    </ClInclude>
    <ClInclude Include="dev\inc\imgui\imgui_internal.h">
      <Filter>IMGUI</Filter>
    </ClInclude>
    <ClInclude Include="dev\inc\imgui\imstb_rectpack.h">
      <Filter>IMGUI</Filter>
    </ClInclude>
    <ClInclude Include="dev\inc\imgui\imstb_textedit.h">
      <Filter>IMGUI</Filter>
    </ClInclude>
    <ClInclude Include="dev\inc\imgui\imstb_truetype.h">
      <Filter>IMGUI</Filter>
    </ClInclude>
    <ClInclude Include="src\Light\cLight.h">
      <Filter>Light</Filter>
    </ClInclude>
    <ClInclude Include="src\Light\cLightManager.h">
      <Filter>Light</Filter>
    </ClInclude>
    <ClInclude Include="src\MeshObj\cMeshObj.h">
      <Filter>MeshObj</Filter>
    </ClInclude>
    <ClInclude Include="src\Shader\cShaderManager.h">
      <Filter>Shaders</Filter>
    </ClInclude>
    <ClInclude Include="src\VAOManager\cModelDrawInfo.h">
      <Filter>VAOManager</Filter>
    </ClInclude>
    <ClInclude Include="src\VAOManager\cVAOManager.h">
      <Filter>VAOManager</Filter>
    </ClInclude>
    <ClInclude Include="src\XML\cXML.h">
      <Filter>XML</Filter>
    </ClInclude>
    <ClInclude Include="src\globalOpenGL.h">
      <Filter>Header Files</Filter>
    </ClInclude>
    <ClInclude Include="src\Texture\cTextureManager.h">
      <Filter>Texture</Filter>
    </ClInclude>
    <ClInclude Include="src\Texture\cTextureFromBMP.h">
      <Filter>Texture</Filter>
    </ClInclude>
    <ClInclude Include="src\Texture\C24BitBMPpixel.h">
      <Filter>Texture</Filter>
    </ClInclude>
    <ClInclude Include="src\FBO\cFBO.h">
      <Filter>FBO</Filter>
    </ClInclude>
    <ClInclude Include="src\cAssimpModel.h">
      <Filter>Header Files</Filter>
    </ClInclude>
    <ClInclude Include="src\Texture\cTextureFromFile.h">
      <Filter>Texture</Filter>
    </ClInclude>
    <ClInclude Include="src\Animation\AnimationManager.h">
      <Filter>Animation</Filter>
    </ClInclude>
    <ClInclude Include="src\Animation\cAnimation.h">
      <Filter>Animation</Filter>
    </ClInclude>
    <ClInclude Include="src\MeshObj\vertex_type.h">
      <Filter>MeshObj</Filter>
    </ClInclude>
    <ClInclude Include="src\MeshObj\Model.h">
      <Filter>MeshObj</Filter>
    </ClInclude>
    <ClInclude Include="src\boneShader.h">
      <Filter>Source Files</Filter>
    </ClInclude>
  </ItemGroup>
  <ItemGroup>
    <None Include="src\Shader\fragmentShader.glsl">
      <Filter>Shaders</Filter>
    </None>
    <None Include="src\Shader\vertexShader.glsl">
      <Filter>Shaders</Filter>
    </None>
  </ItemGroup>
</Project>